{
  "nodes": {
    "fenix": {
      "inputs": {
        "nixpkgs": [
          "nixpkgs"
        ],
        "rust-analyzer-src": "rust-analyzer-src"
      },
      "locked": {
        "lastModified": 1781343250,
        "narHash": "sha256-KBJktAwDG9+10j2wMfvOVkBEhZr3yS769xoqqdFI62s=",
        "owner": "nix-community",
        "repo": "fenix",
        "rev": "aad7d8bb6936d473c2b9d1a5846a1fe1bc92767a",
        "type": "github"
      },
      "original": {
        "owner": "nix-community",
        "repo": "fenix",
        "type": "github"
      }
    },
    "nixpkgs": {
      "locked": {
        "lastModified": 1781328464,
        "narHash": "sha256-j9uBlHI0eJ9zWU9IlF6SlBBPdeJu30hcvar31IRKHpw=",
        "owner": "NixOS",
        "repo": "nixpkgs",
        "rev": "5a722a7155bfc9fbe657f28d26b71860d95324bc",
        "type": "github"
      },
      "original": {
        "owner": "NixOS",
        "ref": "nixpkgs-unstable",
        "repo": "nixpkgs",
        "type": "github"
      }
    },
    "root": {
      "inputs": {
        "fenix": "fenix",
        "nixpkgs": "nixpkgs"
      }
    },
    "rust-analyzer-src": {
      "flake": false,
      "locked": {
        "lastModified": 1781294997,
        "narHash": "sha256-XjCyIvJw4JtcwItTKRdQz5h1pLF9hr8ZSYeMP+/1d3A=",
        "owner": "rust-lang",
        "repo": "rust-analyzer",
        "rev": "3f92cd1612268995d5667bd04fa03ba2916413d9",
        "type": "github"
      },
      "original": {
        "owner": "rust-lang",
        "ref": "nightly",
        "repo": "rust-analyzer",
        "type": "github"
      }
    }
  },
  "root": "root",
  "version": 7
}
